// !$*UTF8*$!
{
	archiveVersion = 1;
	classes = {
	};
	objectVersion = 46;
	objects = {

/* Begin PBXBuildFile section */
		687A16FB1EDBE2AD0024B85B /* AppDelegate.swift in Sources */ = {isa = PBXBuildFile; fileRef = 687A16FA1EDBE2AD0024B85B /* AppDelegate.swift */; };
		687A16FD1EDBE2AD0024B85B /* ViewController.swift in Sources */ = {isa = PBXBuildFile; fileRef = 687A16FC1EDBE2AD0024B85B /* ViewController.swift */; };
		687A17001EDBE2AD0024B85B /* Main.storyboard in Resources */ = {isa = PBXBuildFile; fileRef = 687A16FE1EDBE2AD0024B85B /* Main.storyboard */; };
		687A17021EDBE2AD0024B85B /* Assets.xcassets in Resources */ = {isa = PBXBuildFile; fileRef = 687A17011EDBE2AD0024B85B /* Assets.xcassets */; };
		687A17051EDBE2AD0024B85B /* LaunchScreen.storyboard in Resources */ = {isa = PBXBuildFile; fileRef = 687A17031EDBE2AD0024B85B /* LaunchScreen.storyboard */; };
		68E28BA91EDBF127008D4724 /* Encrypt.swift in Sources */ = {isa = PBXBuildFile; fileRef = 68E28BA81EDBF127008D4724 /* Encrypt.swift */; };
		68E28BAB1EDC6FBB008D4724 /* Decrypt.swift in Sources */ = {isa = PBXBuildFile; fileRef = 68E28BAA1EDC6FBB008D4724 /* Decrypt.swift */; };
/* End PBXBuildFile section */

/* Begin PBXFileReference section */
		687A16F71EDBE2AD0024B85B /* Secret Messages.app */ = {isa = PBXFileReference; explicitFileType = wrapper.application; includeInIndex = 0; path = "Secret Messages.app"; sourceTree = BUILT_PRODUCTS_DIR; };
		687A16FA1EDBE2AD0024B85B /* AppDelegate.swift */ = {isa = PBXFileReference; lastKnownFileType = sourcecode.swift; path = AppDelegate.swift; sourceTree = "<group>"; };
		687A16FC1EDBE2AD0024B85B /* ViewController.swift */ = {isa = PBXFileReference; lastKnownFileType = sourcecode.swift; path = ViewController.swift; sourceTree = "<group>"; };
		687A16FF1EDBE2AD0024B85B /* Base */ = {isa = PBXFileReference; lastKnownFileType = file.storyboard; name = Base; path = Base.lproj/Main.storyboard; sourceTree = "<group>"; };
		687A17011EDBE2AD0024B85B /* Assets.xcassets */ = {isa = PBXFileReference; lastKnownFileType = folder.assetcatalog; path = Assets.xcassets; sourceTree = "<group>"; };
		687A17041EDBE2AD0024B85B /* Base */ = {isa = PBXFileReference; lastKnownFileType = file.storyboard; name = Base; path = Base.lproj/LaunchScreen.storyboard; sourceTree = "<group>"; };
		687A17061EDBE2AE0024B85B /* Info.plist */ = {isa = PBXFileReference; lastKnownFileType = text.plist.xml; path = Info.plist; sourceTree = "<group>"; };
		68E28BA81EDBF127008D4724 /* Encrypt.swift */ = {isa = PBXFileReference; fileEncoding = 4; lastKnownFileType = sourcecode.swift; path = Encrypt.swift; sourceTree = "<group>"; };
		68E28BAA1EDC6FBB008D4724 /* Decrypt.swift */ = {isa = PBXFileReference; fileEncoding = 4; lastKnownFileType = sourcecode.swift; path = Decrypt.swift; sourceTree = "<group>"; };
/* End PBXFileReference section */

/* Begin PBXFrameworksBuildPhase section */
		687A16F41EDBE2AD0024B85B /* Frameworks */ = {
			isa = PBXFrameworksBuildPhase;
			buildActionMask = 2147483647;
			files = (
			);
			runOnlyForDeploymentPostprocessing = 0;
		};
/* End PBXFrameworksBuildPhase section */

/* Begin PBXGroup section */
		687A16EE1EDBE2AD0024B85B = {
			isa = PBXGroup;
			children = (
				687A16F91EDBE2AD0024B85B /* Secret Messages */,
				687A16F81EDBE2AD0024B85B /* Products */,
			);
			sourceTree = "<group>";
		};
		687A16F81EDBE2AD0024B85B /* Products */ = {
			isa = PBXGroup;
			children = (
				687A16F71EDBE2AD0024B85B /* Secret Messages.app */,
			);
			name = Products;
			sourceTree = "<group>";
		};
		687A16F91EDBE2AD0024B85B /* Secret Messages */ = {
			isa = PBXGroup;
			children = (
				68E28BA81EDBF127008D4724 /* Encrypt.swift */,
				687A16FA1EDBE2AD0024B85B /* AppDelegate.swift */,
				687A16FC1EDBE2AD0024B85B /* ViewController.swift */,
				687A16FE1EDBE2AD0024B85B /* Main.storyboard */,
				687A17011EDBE2AD0024B85B /* Assets.xcassets */,
				687A17031EDBE2AD0024B85B /* LaunchScreen.storyboard */,
				687A17061EDBE2AE0024B85B /* Info.plist */,
				68E28BAA1EDC6FBB008D4724 /* Decrypt.swift */,
			);
			path = "Secret Messages";
			sourceTree = "<group>";
		};
/* End PBXGroup section */

/* Begin PBXNativeTarget section */
		687A16F61EDBE2AD0024B85B /* Secret Messages */ = {
			isa = PBXNativeTarget;
			buildConfigurationList = 687A17091EDBE2AE0024B85B /* Build configuration list for PBXNativeTarget "Secret Messages" */;
			buildPhases = (
				687A16F31EDBE2AD0024B85B /* Sources */,
				687A16F41EDBE2AD0024B85B /* Frameworks */,
				687A16F51EDBE2AD0024B85B /* Resources */,
			);
			buildRules = (
			);
			dependencies = (
			);
			name = "Secret Messages";
			productName = "Secret Messages";
			productReference = 687A16F71EDBE2AD0024B85B /* Secret Messages.app */;
			productType = "com.apple.product-type.application";
		};
/* End PBXNativeTarget section */

/* Begin PBXProject section */
		687A16EF1EDBE2AD0024B85B /* Project object */ = {
			isa = PBXProject;
			attributes = {
				LastSwiftUpdateCheck = 0830;
				LastUpgradeCheck = 0830;
				ORGANIZATIONNAME = "Raghav Vashisht";
				TargetAttributes = {
					687A16F61EDBE2AD0024B85B = {
						CreatedOnToolsVersion = 8.3.1;
						DevelopmentTeam = Z3BGLCCPGN;
						ProvisioningStyle = Automatic;
					};
				};
			};
			buildConfigurationList = 687A16F21EDBE2AD0024B85B /* Build configuration list for PBXProject "Secret Messages" */;
			compatibilityVersion = "Xcode 3.2";
			developmentRegion = English;
			hasScannedForEncodings = 0;
			knownRegions = (
				en,
				Base,
			);
			mainGroup = 687A16EE1EDBE2AD0024B85B;
			productRefGroup = 687A16F81EDBE2AD0024B85B /* Products */;
			projectDirPath = "";
			projectRoot = "";
			targets = (
				687A16F61EDBE2AD0024B85B /* Secret Messages */,
			);
		};
/* End PBXProject section */

/* Begin PBXResourcesBuildPhase section */
		687A16F51EDBE2AD0024B85B /* Resources */ = {
			isa = PBXResourcesBuildPhase;
			buildActionMask = 2147483647;
			files = (
				687A17051EDBE2AD0024B85B /* LaunchScreen.storyboard in Resources */,
				687A17021EDBE2AD0024B85B /* Assets.xcassets in Resources */,
				687A17001EDBE2AD0024B85B /* Main.storyboard in Resources */,
			);
			runOnlyForDeploymentPostprocessing = 0;
		};
/* End PBXResourcesBuildPhase section */

/* Begin PBXSourcesBuildPhase section */
		687A16F31EDBE2AD0024B85B /* Sources */ = {
			isa = PBXSourcesBuildPhase;
			buildActionMask = 2147483647;
			files = (
				68E28BA91EDBF127008D4724 /* Encrypt.swift in Sources */,
				687A16FD1EDBE2AD0024B85B /* ViewController.swift in Sources */,
				687A16FB1EDBE2AD0024B85B /* AppDelegate.swift in Sources */,
				68E28BAB1EDC6FBB008D4724 /* Decrypt.swift in Sources */,
			);
			runOnlyForDeploymentPostprocessing = 0;
		};
/* End PBXSourcesBuildPhase section */

/* Begin PBXVariantGroup section */
		687A16FE1EDBE2AD0024B85B /* Main.storyboard */ = {
			isa = PBXVariantGroup;
			children = (
				687A16FF1EDBE2AD0024B85B /* Base */,
			);
			name = Main.storyboard;
			sourceTree = "<group>";
		};
		687A17031EDBE2AD0024B85B /* LaunchScreen.storyboard */ = {
			isa = PBXVariantGroup;
			children = (
				687A17041EDBE2AD0024B85B /* Base */,
			);
			name = LaunchScreen.storyboard;
			sourceTree = "<group>";
		};
/* End PBXVariantGroup section */

/* Begin XCBuildConfiguration section */
		687A17071EDBE2AE0024B85B /* Debug */ = {
			isa = XCBuildConfiguration;
			buildSettings = {
				ALWAYS_SEARCH_USER_PATHS = NO;
				CLANG_ANALYZER_NONNULL = YES;
				CLANG_ANALYZER_NUMBER_OBJECT_CONVERSION = YES_AGGRESSIVE;
				CLANG_CXX_LANGUAGE_STANDARD = "gnu++0x";
				CLANG_CXX_LIBRARY = "libc++";
				CLANG_ENABLE_MODULES = YES;
				CLANG_ENABLE_OBJC_ARC = YES;
				CLANG_WARN_BOOL_CONVERSION = YES;
				CLANG_WARN_CONSTANT_CONVERSION = YES;
				CLANG_WARN_DIRECT_OBJC_ISA_USAGE = YES_ERROR;
				CLANG_WARN_DOCUMENTATION_COMMENTS = YES;
				CLANG_WARN_EMPTY_BODY = YES;
				CLANG_WARN_ENUM_CONVERSION = YES;
				CLANG_WARN_INFINITE_RECURSION = YES;
				CLANG_WARN_INT_CONVERSION = YES;
				CLANG_WARN_OBJC_ROOT_CLASS = YES_ERROR;
				CLANG_WARN_SUSPICIOUS_MOVE = YES;
				CLANG_WARN_UNREACHABLE_CODE = YES;
				CLANG_WARN__DUPLICATE_METHOD_MATCH = YES;
				"CODE_SIGN_IDENTITY[sdk=iphoneos*]" = "iPhone Developer";
				COPY_PHASE_STRIP = NO;
				DEBUG_INFORMATION_FORMAT = dwarf;
				ENABLE_STRICT_OBJC_MSGSEND = YES;
				ENABLE_TESTABILITY = YES;
				GCC_C_LANGUAGE_STANDARD = gnu99;
				GCC_DYNAMIC_NO_PIC = NO;
				GCC_NO_COMMON_BLOCKS = YES;
				GCC_OPTIMIZATION_LEVEL = 0;
				GCC_PREPROCESSOR_DEFINITIONS = (
					"DEBUG=1",
					"$(inherited)",
				);
				GCC_WARN_64_TO_32_BIT_CONVERSION = YES;
				GCC_WARN_ABOUT_RETURN_TYPE = YES_ERROR;
				GCC_WARN_UNDECLARED_SELECTOR = YES;
				GCC_WARN_UNINITIALIZED_AUTOS = YES_AGGRESSIVE;
				GCC_WARN_UNUSED_FUNCTION = YES;
				GCC_WARN_UNUSED_VARIABLE = YES;
				IPHONEOS_DEPLOYMENT_TARGET = 10.3;
				MTL_ENABLE_DEBUG_INFO = YES;
				ONLY_ACTIVE_ARCH = YES;
				SDKROOT = iphoneos;
				SWIFT_ACTIVE_COMPILATION_CONDITIONS = DEBUG;
				SWIFT_OPTIMIZATION_LEVEL = "-Onone";
				TARGETED_DEVICE_FAMILY = "1,2";
			};
			name = Debug;
		};
		687A17081EDBE2AE0024B85B /* Release */ = {
			isa = XCBuildConfiguration;
			buildSettings = {
				ALWAYS_SEARCH_USER_PATHS = NO;
				CLANG_ANALYZER_NONNULL = YES;
				CLANG_ANALYZER_NUMBER_OBJECT_CONVERSION = YES_AGGRESSIVE;
				CLANG_CXX_LANGUAGE_STANDARD = "gnu++0x";
				CLANG_CXX_LIBRARY = "libc++";
				CLANG_ENABLE_MODULES = YES;
				CLANG_ENABLE_OBJC_ARC = YES;
				CLANG_WARN_BOOL_CONVERSION = YES;
				CLANG_WARN_CONSTANT_CONVERSION = YES;
				CLANG_WARN_DIRECT_OBJC_ISA_USAGE = YES_ERROR;
				CLANG_WARN_DOCUMENTATION_COMMENTS = YES;
				CLANG_WARN_EMPTY_BODY = YES;
				CLANG_WARN_ENUM_CONVERSION = YES;
				CLANG_WARN_INFINITE_RECURSION = YES;
				CLANG_WARN_INT_CONVERSION = YES;
				CLANG_WARN_OBJC_ROOT_CLASS = YES_ERROR;
				CLANG_WARN_SUSPICIOUS_MOVE = YES;
				CLANG_WARN_UNREACHABLE_CODE = YES;
				CLANG_WARN__DUPLICATE_METHOD_MATCH = YES;
				"CODE_SIGN_IDENTITY[sdk=iphoneos*]" = "iPhone Developer";
				COPY_PHASE_STRIP = NO;
				DEBUG_INFORMATION_FORMAT = "dwarf-with-dsym";
				ENABLE_NS_ASSERTIONS = NO;
				ENABLE_STRICT_OBJC_MSGSEND = YES;
				GCC_C_LANGUAGE_STANDARD = gnu99;
				GCC_NO_COMMON_BLOCKS = YES;
				GCC_WARN_64_TO_32_BIT_CONVERSION = YES;
				GCC_WARN_ABOUT_RETURN_TYPE = YES_ERROR;
				GCC_WARN_UNDECLARED_SELECTOR = YES;
				GCC_WARN_UNINITIALIZED_AUTOS = YES_AGGRESSIVE;
				GCC_WARN_UNUSED_FUNCTION = YES;
				GCC_WARN_UNUSED_VARIABLE = YES;
				IPHONEOS_DEPLOYMENT_TARGET = 10.3;
				MTL_ENABLE_DEBUG_INFO = NO;
				SDKROOT = iphoneos;
				SWIFT_OPTIMIZATION_LEVEL = "-Owholemodule";
				TARGETED_DEVICE_FAMILY = "1,2";
				VALIDATE_PRODUCT = YES;
			};
			name = Release;
		};
		687A170A1EDBE2AE0024B85B /* Debug */ = {
			isa = XCBuildConfiguration;
			buildSettings = {
				ASSETCATALOG_COMPILER_APPICON_NAME = AppIcon;
				DEVELOPMENT_TEAM = Z3BGLCCPGN;
				INFOPLIST_FILE = "Secret Messages/Info.plist";
				IPHONEOS_DEPLOYMENT_TARGET = 10.0;
				LD_RUNPATH_SEARCH_PATHS = "$(inherited) @executable_path/Frameworks";
				PRODUCT_BUNDLE_IDENTIFIER = "com.vashishtapps.Secret-Messages";
				PRODUCT_NAME = "$(TARGET_NAME)";
				SWIFT_VERSION = 3.0;
			};
			name = Debug;
		};
		687A170B1EDBE2AE0024B85B /* Release */ = {
			isa = XCBuildConfiguration;
			buildSettings = {
				ASSETCATALOG_COMPILER_APPICON_NAME = AppIcon;
				DEVELOPMENT_TEAM = Z3BGLCCPGN;
				INFOPLIST_FILE = "Secret Messages/Info.plist";
				IPHONEOS_DEPLOYMENT_TARGET = 10.0;
				LD_RUNPATH_SEARCH_PATHS = "$(inherited) @executable_path/Frameworks";
				PRODUCT_BUNDLE_IDENTIFIER = "com.vashishtapps.Secret-Messages";
				PRODUCT_NAME = "$(TARGET_NAME)";
				SWIFT_VERSION = 3.0;
			};
			name = Release;
		};
/* End XCBuildConfiguration section */

/* Begin XCConfigurationList section */
		687A16F21EDBE2AD0024B85B /* Build configuration list for PBXProject "Secret Messages" */ = {
			isa = XCConfigurationList;
			buildConfigurations = (
				687A17071EDBE2AE0024B85B /* Debug */,
				687A17081EDBE2AE0024B85B /* Release */,
			);
			defaultConfigurationIsVisible = 0;
			defaultConfigurationName = Release;
		};
		687A17091EDBE2AE0024B85B /* Build configuration list for PBXNativeTarget "Secret Messages" */ = {
			isa = XCConfigurationList;
			buildConfigurations = (
				687A170A1EDBE2AE0024B85B /* Debug */,
				687A170B1EDBE2AE0024B85B /* Release */,
			);
			defaultConfigurationIsVisible = 0;
			defaultConfigurationName = Release;
		};
/* End XCConfigurationList section */
	};
	rootObject = 687A16EF1EDBE2AD0024B85B /* Project object */;
}
